
Microsoft Visual Studio Solution File, Format Version 12.00
Project("{FAE04EC0-301F-11D3-BF4B-00C04F79EFBC}") = "BreakTime", "BreakTime\BreakTime.csproj", "{D3855BFC-7630-46B5-833B-78646F679F13}"
EndProject
Global
	GlobalSection(SolutionConfigurationPlatforms) = preSolution
		Debug|Any CPU = Debug|Any CPU
		Release|Any CPU = Release|Any CPU
	EndGlobalSection
	GlobalSection(ProjectConfigurationPlatforms) = postSolution
		{D3855BFC-7630-46B5-833B-78646F679F13}.Debug|Any CPU.ActiveCfg = Debug|Any CPU
		{D3855BFC-7630-46B5-833B-78646F679F13}.Debug|Any CPU.Build.0 = Debug|Any CPU
		{D3855BFC-7630-46B5-833B-78646F679F13}.Release|Any CPU.ActiveCfg = Release|Any CPU
		{D3855BFC-7630-46B5-833B-78646F679F13}.Release|Any CPU.Build.0 = Release|Any CPU
	EndGlobalSection
EndGlobal
